
Microsoft Visual Studio Solution File, Format Version 12.00
# Visual Studio Version 16
VisualStudioVersion = 16.0.30523.141
MinimumVisualStudioVersion = 10.0.40219.1
Project("{F2A71F9B-5D33-465A-A702-920D77279786}") = "FSocialId", "FSocialId\FSocialId.fsproj", "{30436CFF-466F-4FA7-A25A-2896D41C23DE}"
EndProject
Project("{F2A71F9B-5D33-465A-A702-920D77279786}") = "FSocialTest", "FSocialTest\FSocialTest.fsproj", "{EEC86801-D564-4764-87B3-470135275C98}"
EndProject
Global
	GlobalSection(SolutionConfigurationPlatforms) = preSolution
		Debug|Any CPU = Debug|Any CPU
		Release|Any CPU = Release|Any CPU
	EndGlobalSection
	GlobalSection(ProjectConfigurationPlatforms) = postSolution
		{30436CFF-466F-4FA7-A25A-2896D41C23DE}.Debug|Any CPU.ActiveCfg = Debug|Any CPU
		{30436CFF-466F-4FA7-A25A-2896D41C23DE}.Debug|Any CPU.Build.0 = Debug|Any CPU
		{30436CFF-466F-4FA7-A25A-2896D41C23DE}.Release|Any CPU.ActiveCfg = Release|Any CPU
		{30436CFF-466F-4FA7-A25A-2896D41C23DE}.Release|Any CPU.Build.0 = Release|Any CPU
		{EEC86801-D564-4764-87B3-470135275C98}.Debug|Any CPU.ActiveCfg = Debug|Any CPU
		{EEC86801-D564-4764-87B3-470135275C98}.Debug|Any CPU.Build.0 = Debug|Any CPU
		{EEC86801-D564-4764-87B3-470135275C98}.Release|Any CPU.ActiveCfg = Release|Any CPU
		{EEC86801-D564-4764-87B3-470135275C98}.Release|Any CPU.Build.0 = Release|Any CPU
	EndGlobalSection
	GlobalSection(SolutionProperties) = preSolution
		HideSolutionNode = FALSE
	EndGlobalSection
	GlobalSection(ExtensibilityGlobals) = postSolution
		SolutionGuid = {741C9F2E-9F17-4E3F-A8E4-3E74934D6084}
	EndGlobalSection
EndGlobal
